# Paste this block into platform/seed/challenges.yml (ADD ONLY YOUR OWN BLOCK).
# Field names are a draft - match them to the schema Kosgollage sets up.
- name: "Stage 1 - The Quiet Poster"
  category: "OSINT"
  value: 100
  type: standard
  state: visible
  description: |
    An anonymous tip says someone in Meridian Freight's Finance team is quietly
    sitting on evidence of a hidden "silent ledger". The only trace is the
    company's internal staff forum (offline mirror attached).

    Identify the insider. Everything you need is inside the package - no internet required.

    Flag format: CASE{STAFFID_HUBCODE_forumhandle}   e.g. CASE{MFC0000_XXX00_username}
    Hub codes are written exactly as on the Locations page; the handle is lowercase.
  files:
    - stages/stage1_osint/dist/stage1_osint_player.zip
  flags:
    - type: static
      content: "CASE{MFC2291_CMB01_larkspur}"
      data: case_insensitive
  hints:
    - { content: "See hints.md #1", cost: 0 }
    - { content: "See hints.md #2", cost: 10 }
    - { content: "See hints.md #3", cost: 15 }
  next: "Stage 2 - Networking"   # prerequisite in CTFd
